// !$*UTF8*$!
{
	archiveVersion = 1;
	classes = {
	};
	objectVersion = 46;
	objects = {

/* Begin PBXBuildFile section */
		17D387F21CA1F91E00CF6144 /* Bolts.framework in Frameworks */ = {isa = PBXBuildFile; fileRef = 17D387F11CA1F91E00CF6144 /* Bolts.framework */; };
		17D387F41CA1F92F00CF6144 /* FBSDKCoreKit.framework in Frameworks */ = {isa = PBXBuildFile; fileRef = 17D387F31CA1F92F00CF6144 /* FBSDKCoreKit.framework */; };
		17D387F61CA1F93800CF6144 /* FBSDKLoginKit.framework in Frameworks */ = {isa = PBXBuildFile; fileRef = 17D387F51CA1F93800CF6144 /* FBSDKLoginKit.framework */; };
		17D387F81CA1F94300CF6144 /* FBSDKShareKit.framework in Frameworks */ = {isa = PBXBuildFile; fileRef = 17D387F71CA1F94300CF6144 /* FBSDKShareKit.framework */; };
		17D387FA1CA1F97000CF6144 /* FacebookSDKStrings.bundle in Resources */ = {isa = PBXBuildFile; fileRef = 17D387F91CA1F96F00CF6144 /* FacebookSDKStrings.bundle */; };
		17D387FC1CA61B5100CF6144 /* GroupSearchResultsViewController.swift in Sources */ = {isa = PBXBuildFile; fileRef = 17D387FB1CA61B5100CF6144 /* GroupSearchResultsViewController.swift */; };
		17D387FE1CA61C2D00CF6144 /* GroupTableViewCell.swift in Sources */ = {isa = PBXBuildFile; fileRef = 17D387FD1CA61C2D00CF6144 /* GroupTableViewCell.swift */; };
		17D388021CACC36700CF6144 /* CreateGroupViewController.swift in Sources */ = {isa = PBXBuildFile; fileRef = 17D388011CACC36700CF6144 /* CreateGroupViewController.swift */; };
		17D388051CACC60000CF6144 /* User.swift in Sources */ = {isa = PBXBuildFile; fileRef = 17D388041CACC60000CF6144 /* User.swift */; };
		1C045AC71C991518008D6223 /* AppDelegate.swift in Sources */ = {isa = PBXBuildFile; fileRef = 1C045AC61C991518008D6223 /* AppDelegate.swift */; };
		1C045AC91C991518008D6223 /* LoginViewController.swift in Sources */ = {isa = PBXBuildFile; fileRef = 1C045AC81C991518008D6223 /* LoginViewController.swift */; };
		1C045ACC1C991518008D6223 /* Main.storyboard in Resources */ = {isa = PBXBuildFile; fileRef = 1C045ACA1C991518008D6223 /* Main.storyboard */; };
		1C045ACE1C991518008D6223 /* Assets.xcassets in Resources */ = {isa = PBXBuildFile; fileRef = 1C045ACD1C991518008D6223 /* Assets.xcassets */; };
		1C045ADC1C991518008D6223 /* StudyTableTests.swift in Sources */ = {isa = PBXBuildFile; fileRef = 1C045ADB1C991518008D6223 /* StudyTableTests.swift */; };
		1C045AE71C991518008D6223 /* StudyTableUITests.swift in Sources */ = {isa = PBXBuildFile; fileRef = 1C045AE61C991518008D6223 /* StudyTableUITests.swift */; };
		1C045B0F1C9B77C3008D6223 /* HourLoggingViewController.swift in Sources */ = {isa = PBXBuildFile; fileRef = 1C045B0E1C9B77C3008D6223 /* HourLoggingViewController.swift */; };
		1C3B9C8C1CAA1AA600A91CF3 /* LoggedHoursViewController.swift in Sources */ = {isa = PBXBuildFile; fileRef = 1C3B9C8B1CAA1AA600A91CF3 /* LoggedHoursViewController.swift */; };
		1C3B9C8F1CAA2A4000A91CF3 /* GroupMembersTableViewCell.swift in Sources */ = {isa = PBXBuildFile; fileRef = 1C3B9C8E1CAA2A4000A91CF3 /* GroupMembersTableViewCell.swift */; };
		1C3B9C921CAA3B0E00A91CF3 /* ListedGroupsTableViewController.swift in Sources */ = {isa = PBXBuildFile; fileRef = 1C3B9C911CAA3B0E00A91CF3 /* ListedGroupsTableViewController.swift */; };
		1C3B9C941CAA3C2500A91CF3 /* Group.swift in Sources */ = {isa = PBXBuildFile; fileRef = 1C3B9C931CAA3C2500A91CF3 /* Group.swift */; };
		1C3B9C961CAA434600A91CF3 /* GroupSplitViewController.swift in Sources */ = {isa = PBXBuildFile; fileRef = 1C3B9C951CAA434600A91CF3 /* GroupSplitViewController.swift */; };
		1C529F611CA3681B005A51B8 /* GroupDetailViewController.swift in Sources */ = {isa = PBXBuildFile; fileRef = 1C529F601CA3681B005A51B8 /* GroupDetailViewController.swift */; };
		1C529F631CA36D92005A51B8 /* RegisterGroupViewController.swift in Sources */ = {isa = PBXBuildFile; fileRef = 1C529F621CA36D92005A51B8 /* RegisterGroupViewController.swift */; };
		1CED777A1CB34A1E009BAEBD /* Landing.storyboard in Resources */ = {isa = PBXBuildFile; fileRef = 1CED77791CB34A1E009BAEBD /* Landing.storyboard */; };
/* End PBXBuildFile section */

/* Begin PBXContainerItemProxy section */
		1C045AD81C991518008D6223 /* PBXContainerItemProxy */ = {
			isa = PBXContainerItemProxy;
			containerPortal = 1C045ABB1C991518008D6223 /* Project object */;
			proxyType = 1;
			remoteGlobalIDString = 1C045AC21C991518008D6223;
			remoteInfo = StudyTable;
		};
		1C045AE31C991518008D6223 /* PBXContainerItemProxy */ = {
			isa = PBXContainerItemProxy;
			containerPortal = 1C045ABB1C991518008D6223 /* Project object */;
			proxyType = 1;
			remoteGlobalIDString = 1C045AC21C991518008D6223;
			remoteInfo = StudyTable;
		};
/* End PBXContainerItemProxy section */

/* Begin PBXFileReference section */
		17D387F11CA1F91E00CF6144 /* Bolts.framework */ = {isa = PBXFileReference; lastKnownFileType = wrapper.framework; name = Bolts.framework; path = "FacebookSDKs-iOS-20160316/Bolts.framework"; sourceTree = "<group>"; };
		17D387F31CA1F92F00CF6144 /* FBSDKCoreKit.framework */ = {isa = PBXFileReference; lastKnownFileType = wrapper.framework; name = FBSDKCoreKit.framework; path = "FacebookSDKs-iOS-20160316/FBSDKCoreKit.framework"; sourceTree = "<group>"; };
		17D387F51CA1F93800CF6144 /* FBSDKLoginKit.framework */ = {isa = PBXFileReference; lastKnownFileType = wrapper.framework; name = FBSDKLoginKit.framework; path = "FacebookSDKs-iOS-20160316/FBSDKLoginKit.framework"; sourceTree = "<group>"; };
		17D387F71CA1F94300CF6144 /* FBSDKShareKit.framework */ = {isa = PBXFileReference; lastKnownFileType = wrapper.framework; name = FBSDKShareKit.framework; path = "FacebookSDKs-iOS-20160316/FBSDKShareKit.framework"; sourceTree = "<group>"; };
		17D387F91CA1F96F00CF6144 /* FacebookSDKStrings.bundle */ = {isa = PBXFileReference; lastKnownFileType = "wrapper.plug-in"; name = FacebookSDKStrings.bundle; path = "FacebookSDKs-iOS-20160316/FacebookSDKStrings.bundle"; sourceTree = "<group>"; };
		17D387FB1CA61B5100CF6144 /* GroupSearchResultsViewController.swift */ = {isa = PBXFileReference; fileEncoding = 4; lastKnownFileType = sourcecode.swift; path = GroupSearchResultsViewController.swift; sourceTree = "<group>"; };
		17D387FD1CA61C2D00CF6144 /* GroupTableViewCell.swift */ = {isa = PBXFileReference; fileEncoding = 4; lastKnownFileType = sourcecode.swift; path = GroupTableViewCell.swift; sourceTree = "<group>"; };
		17D388011CACC36700CF6144 /* CreateGroupViewController.swift */ = {isa = PBXFileReference; fileEncoding = 4; lastKnownFileType = sourcecode.swift; path = CreateGroupViewController.swift; sourceTree = "<group>"; };
		17D388041CACC60000CF6144 /* User.swift */ = {isa = PBXFileReference; fileEncoding = 4; lastKnownFileType = sourcecode.swift; path = User.swift; sourceTree = "<group>"; };
		1C045AC31C991518008D6223 /* StudyTable.app */ = {isa = PBXFileReference; explicitFileType = wrapper.application; includeInIndex = 0; path = StudyTable.app; sourceTree = BUILT_PRODUCTS_DIR; };
		1C045AC61C991518008D6223 /* AppDelegate.swift */ = {isa = PBXFileReference; lastKnownFileType = sourcecode.swift; path = AppDelegate.swift; sourceTree = "<group>"; };
		1C045AC81C991518008D6223 /* LoginViewController.swift */ = {isa = PBXFileReference; lastKnownFileType = sourcecode.swift; path = LoginViewController.swift; sourceTree = "<group>"; };
		1C045ACB1C991518008D6223 /* Base */ = {isa = PBXFileReference; lastKnownFileType = file.storyboard; name = Base; path = Base.lproj/Main.storyboard; sourceTree = "<group>"; };
		1C045ACD1C991518008D6223 /* Assets.xcassets */ = {isa = PBXFileReference; lastKnownFileType = folder.assetcatalog; path = Assets.xcassets; sourceTree = "<group>"; };
		1C045AD21C991518008D6223 /* Info.plist */ = {isa = PBXFileReference; lastKnownFileType = text.plist.xml; path = Info.plist; sourceTree = "<group>"; };
		1C045AD71C991518008D6223 /* StudyTableTests.xctest */ = {isa = PBXFileReference; explicitFileType = wrapper.cfbundle; includeInIndex = 0; path = StudyTableTests.xctest; sourceTree = BUILT_PRODUCTS_DIR; };
		1C045ADB1C991518008D6223 /* StudyTableTests.swift */ = {isa = PBXFileReference; lastKnownFileType = sourcecode.swift; path = StudyTableTests.swift; sourceTree = "<group>"; };
		1C045ADD1C991518008D6223 /* Info.plist */ = {isa = PBXFileReference; lastKnownFileType = text.plist.xml; path = Info.plist; sourceTree = "<group>"; };
		1C045AE21C991518008D6223 /* StudyTableUITests.xctest */ = {isa = PBXFileReference; explicitFileType = wrapper.cfbundle; includeInIndex = 0; path = StudyTableUITests.xctest; sourceTree = BUILT_PRODUCTS_DIR; };
		1C045AE61C991518008D6223 /* StudyTableUITests.swift */ = {isa = PBXFileReference; lastKnownFileType = sourcecode.swift; path = StudyTableUITests.swift; sourceTree = "<group>"; };
		1C045AE81C991518008D6223 /* Info.plist */ = {isa = PBXFileReference; lastKnownFileType = text.plist.xml; path = Info.plist; sourceTree = "<group>"; };
		1C045B0E1C9B77C3008D6223 /* HourLoggingViewController.swift */ = {isa = PBXFileReference; fileEncoding = 4; lastKnownFileType = sourcecode.swift; path = HourLoggingViewController.swift; sourceTree = "<group>"; };
		1C3B9C8B1CAA1AA600A91CF3 /* LoggedHoursViewController.swift */ = {isa = PBXFileReference; fileEncoding = 4; lastKnownFileType = sourcecode.swift; path = LoggedHoursViewController.swift; sourceTree = "<group>"; };
		1C3B9C8E1CAA2A4000A91CF3 /* GroupMembersTableViewCell.swift */ = {isa = PBXFileReference; fileEncoding = 4; lastKnownFileType = sourcecode.swift; path = GroupMembersTableViewCell.swift; sourceTree = "<group>"; };
		1C3B9C911CAA3B0E00A91CF3 /* ListedGroupsTableViewController.swift */ = {isa = PBXFileReference; fileEncoding = 4; lastKnownFileType = sourcecode.swift; path = ListedGroupsTableViewController.swift; sourceTree = "<group>"; };
		1C3B9C931CAA3C2500A91CF3 /* Group.swift */ = {isa = PBXFileReference; fileEncoding = 4; lastKnownFileType = sourcecode.swift; path = Group.swift; sourceTree = "<group>"; };
		1C3B9C951CAA434600A91CF3 /* GroupSplitViewController.swift */ = {isa = PBXFileReference; fileEncoding = 4; lastKnownFileType = sourcecode.swift; path = GroupSplitViewController.swift; sourceTree = "<group>"; };
		1C529F601CA3681B005A51B8 /* GroupDetailViewController.swift */ = {isa = PBXFileReference; fileEncoding = 4; lastKnownFileType = sourcecode.swift; path = GroupDetailViewController.swift; sourceTree = "<group>"; };
		1C529F621CA36D92005A51B8 /* RegisterGroupViewController.swift */ = {isa = PBXFileReference; fileEncoding = 4; lastKnownFileType = sourcecode.swift; path = RegisterGroupViewController.swift; sourceTree = "<group>"; };
		1CED77791CB34A1E009BAEBD /* Landing.storyboard */ = {isa = PBXFileReference; fileEncoding = 4; lastKnownFileType = file.storyboard; path = Landing.storyboard; sourceTree = "<group>"; };
/* End PBXFileReference section */

/* Begin PBXFrameworksBuildPhase section */
		1C045AC01C991518008D6223 /* Frameworks */ = {
			isa = PBXFrameworksBuildPhase;
			buildActionMask = 2147483647;
			files = (
				17D387F81CA1F94300CF6144 /* FBSDKShareKit.framework in Frameworks */,
				17D387F21CA1F91E00CF6144 /* Bolts.framework in Frameworks */,
				17D387F41CA1F92F00CF6144 /* FBSDKCoreKit.framework in Frameworks */,
				17D387F61CA1F93800CF6144 /* FBSDKLoginKit.framework in Frameworks */,
			);
			runOnlyForDeploymentPostprocessing = 0;
		};
		1C045AD41C991518008D6223 /* Frameworks */ = {
			isa = PBXFrameworksBuildPhase;
			buildActionMask = 2147483647;
			files = (
			);
			runOnlyForDeploymentPostprocessing = 0;
		};
		1C045ADF1C991518008D6223 /* Frameworks */ = {
			isa = PBXFrameworksBuildPhase;
			buildActionMask = 2147483647;
			files = (
			);
			runOnlyForDeploymentPostprocessing = 0;
		};
/* End PBXFrameworksBuildPhase section */

/* Begin PBXGroup section */
		17D388031CACC5B800CF6144 /* Model */ = {
			isa = PBXGroup;
			children = (
				1C3B9C931CAA3C2500A91CF3 /* Group.swift */,
				17D388041CACC60000CF6144 /* User.swift */,
			);
			name = Model;
			sourceTree = "<group>";
		};
		1C045ABA1C991518008D6223 = {
			isa = PBXGroup;
			children = (
				1C045B011C9A1ECD008D6223 /* Frameworks */,
				1C045AC51C991518008D6223 /* StudyTable */,
				1C045ADA1C991518008D6223 /* StudyTableTests */,
				1C045AE51C991518008D6223 /* StudyTableUITests */,
				1C045AC41C991518008D6223 /* Products */,
			);
			sourceTree = "<group>";
		};
		1C045AC41C991518008D6223 /* Products */ = {
			isa = PBXGroup;
			children = (
				1C045AC31C991518008D6223 /* StudyTable.app */,
				1C045AD71C991518008D6223 /* StudyTableTests.xctest */,
				1C045AE21C991518008D6223 /* StudyTableUITests.xctest */,
			);
			name = Products;
			sourceTree = "<group>";
		};
		1C045AC51C991518008D6223 /* StudyTable */ = {
			isa = PBXGroup;
			children = (
				1C3B9C8D1CAA2A1D00A91CF3 /* ViewControllers */,
				1C3B9C901CAA2A4B00A91CF3 /* TableViewCells */,
				17D388031CACC5B800CF6144 /* Model */,
				1C045AC61C991518008D6223 /* AppDelegate.swift */,
				1C045ACA1C991518008D6223 /* Main.storyboard */,
				1CED77791CB34A1E009BAEBD /* Landing.storyboard */,
				1C045ACD1C991518008D6223 /* Assets.xcassets */,
				1C045AD21C991518008D6223 /* Info.plist */,
			);
			path = StudyTable;
			sourceTree = "<group>";
		};
		1C045ADA1C991518008D6223 /* StudyTableTests */ = {
			isa = PBXGroup;
			children = (
				1C045ADB1C991518008D6223 /* StudyTableTests.swift */,
				1C045ADD1C991518008D6223 /* Info.plist */,
			);
			path = StudyTableTests;
			sourceTree = "<group>";
		};
		1C045AE51C991518008D6223 /* StudyTableUITests */ = {
			isa = PBXGroup;
			children = (
				1C045AE61C991518008D6223 /* StudyTableUITests.swift */,
				1C045AE81C991518008D6223 /* Info.plist */,
			);
			path = StudyTableUITests;
			sourceTree = "<group>";
		};
		1C045B011C9A1ECD008D6223 /* Frameworks */ = {
			isa = PBXGroup;
			children = (
				17D387F91CA1F96F00CF6144 /* FacebookSDKStrings.bundle */,
				17D387F71CA1F94300CF6144 /* FBSDKShareKit.framework */,
				17D387F51CA1F93800CF6144 /* FBSDKLoginKit.framework */,
				17D387F31CA1F92F00CF6144 /* FBSDKCoreKit.framework */,
				17D387F11CA1F91E00CF6144 /* Bolts.framework */,
			);
			name = Frameworks;
			sourceTree = "<group>";
		};
		1C3B9C8D1CAA2A1D00A91CF3 /* ViewControllers */ = {
			isa = PBXGroup;
			children = (
				1C045AC81C991518008D6223 /* LoginViewController.swift */,
				1C529F621CA36D92005A51B8 /* RegisterGroupViewController.swift */,
				17D388011CACC36700CF6144 /* CreateGroupViewController.swift */,
				17D387FB1CA61B5100CF6144 /* GroupSearchResultsViewController.swift */,
				1C3B9C8B1CAA1AA600A91CF3 /* LoggedHoursViewController.swift */,
				1C045B0E1C9B77C3008D6223 /* HourLoggingViewController.swift */,
				1C3B9C951CAA434600A91CF3 /* GroupSplitViewController.swift */,
				1C3B9C911CAA3B0E00A91CF3 /* ListedGroupsTableViewController.swift */,
				1C529F601CA3681B005A51B8 /* GroupDetailViewController.swift */,
			);
			name = ViewControllers;
			sourceTree = "<group>";
		};
		1C3B9C901CAA2A4B00A91CF3 /* TableViewCells */ = {
			isa = PBXGroup;
			children = (
				17D387FD1CA61C2D00CF6144 /* GroupTableViewCell.swift */,
				1C3B9C8E1CAA2A4000A91CF3 /* GroupMembersTableViewCell.swift */,
			);
			name = TableViewCells;
			sourceTree = "<group>";
		};
/* End PBXGroup section */

/* Begin PBXNativeTarget section */
		1C045AC21C991518008D6223 /* StudyTable */ = {
			isa = PBXNativeTarget;
			buildConfigurationList = 1C045AEB1C991518008D6223 /* Build configuration list for PBXNativeTarget "StudyTable" */;
			buildPhases = (
				1C045ABF1C991518008D6223 /* Sources */,
				1C045AC01C991518008D6223 /* Frameworks */,
				1C045AC11C991518008D6223 /* Resources */,
			);
			buildRules = (
			);
			dependencies = (
			);
			name = StudyTable;
			productName = StudyTable;
			productReference = 1C045AC31C991518008D6223 /* StudyTable.app */;
			productType = "com.apple.product-type.application";
		};
		1C045AD61C991518008D6223 /* StudyTableTests */ = {
			isa = PBXNativeTarget;
			buildConfigurationList = 1C045AEE1C991518008D6223 /* Build configuration list for PBXNativeTarget "StudyTableTests" */;
			buildPhases = (
				1C045AD31C991518008D6223 /* Sources */,
				1C045AD41C991518008D6223 /* Frameworks */,
				1C045AD51C991518008D6223 /* Resources */,
			);
			buildRules = (
			);
			dependencies = (
				1C045AD91C991518008D6223 /* PBXTargetDependency */,
			);
			name = StudyTableTests;
			productName = StudyTableTests;
			productReference = 1C045AD71C991518008D6223 /* StudyTableTests.xctest */;
			productType = "com.apple.product-type.bundle.unit-test";
		};
		1C045AE11C991518008D6223 /* StudyTableUITests */ = {
			isa = PBXNativeTarget;
			buildConfigurationList = 1C045AF11C991518008D6223 /* Build configuration list for PBXNativeTarget "StudyTableUITests" */;
			buildPhases = (
				1C045ADE1C991518008D6223 /* Sources */,
				1C045ADF1C991518008D6223 /* Frameworks */,
				1C045AE01C991518008D6223 /* Resources */,
			);
			buildRules = (
			);
			dependencies = (
				1C045AE41C991518008D6223 /* PBXTargetDependency */,
			);
			name = StudyTableUITests;
			productName = StudyTableUITests;
			productReference = 1C045AE21C991518008D6223 /* StudyTableUITests.xctest */;
			productType = "com.apple.product-type.bundle.ui-testing";
		};
/* End PBXNativeTarget section */

/* Begin PBXProject section */
		1C045ABB1C991518008D6223 /* Project object */ = {
			isa = PBXProject;
			attributes = {
				LastSwiftUpdateCheck = 0720;
				LastUpgradeCheck = 0720;
				ORGANIZATIONNAME = "Jordan Leeper";
				TargetAttributes = {
					1C045AC21C991518008D6223 = {
						CreatedOnToolsVersion = 7.2.1;
					};
					1C045AD61C991518008D6223 = {
						CreatedOnToolsVersion = 7.2.1;
						TestTargetID = 1C045AC21C991518008D6223;
					};
					1C045AE11C991518008D6223 = {
						CreatedOnToolsVersion = 7.2.1;
						TestTargetID = 1C045AC21C991518008D6223;
					};
				};
			};
			buildConfigurationList = 1C045ABE1C991518008D6223 /* Build configuration list for PBXProject "StudyTable" */;
			compatibilityVersion = "Xcode 3.2";
			developmentRegion = English;
			hasScannedForEncodings = 0;
			knownRegions = (
				en,
				Base,
			);
			mainGroup = 1C045ABA1C991518008D6223;
			productRefGroup = 1C045AC41C991518008D6223 /* Products */;
			projectDirPath = "";
			projectRoot = "";
			targets = (
				1C045AC21C991518008D6223 /* StudyTable */,
				1C045AD61C991518008D6223 /* StudyTableTests */,
				1C045AE11C991518008D6223 /* StudyTableUITests */,
			);
		};
/* End PBXProject section */

/* Begin PBXResourcesBuildPhase section */
		1C045AC11C991518008D6223 /* Resources */ = {
			isa = PBXResourcesBuildPhase;
			buildActionMask = 2147483647;
			files = (
				17D387FA1CA1F97000CF6144 /* FacebookSDKStrings.bundle in Resources */,
				1C045ACE1C991518008D6223 /* Assets.xcassets in Resources */,
				1CED777A1CB34A1E009BAEBD /* Landing.storyboard in Resources */,
				1C045ACC1C991518008D6223 /* Main.storyboard in Resources */,
			);
			runOnlyForDeploymentPostprocessing = 0;
		};
		1C045AD51C991518008D6223 /* Resources */ = {
			isa = PBXResourcesBuildPhase;
			buildActionMask = 2147483647;
			files = (
			);
			runOnlyForDeploymentPostprocessing = 0;
		};
		1C045AE01C991518008D6223 /* Resources */ = {
			isa = PBXResourcesBuildPhase;
			buildActionMask = 2147483647;
			files = (
			);
			runOnlyForDeploymentPostprocessing = 0;
		};
/* End PBXResourcesBuildPhase section */

/* Begin PBXSourcesBuildPhase section */
		1C045ABF1C991518008D6223 /* Sources */ = {
			isa = PBXSourcesBuildPhase;
			buildActionMask = 2147483647;
			files = (
				1C3B9C941CAA3C2500A91CF3 /* Group.swift in Sources */,
				1C3B9C961CAA434600A91CF3 /* GroupSplitViewController.swift in Sources */,
				17D387FE1CA61C2D00CF6144 /* GroupTableViewCell.swift in Sources */,
				1C529F611CA3681B005A51B8 /* GroupDetailViewController.swift in Sources */,
				1C045AC91C991518008D6223 /* LoginViewController.swift in Sources */,
				1C3B9C921CAA3B0E00A91CF3 /* ListedGroupsTableViewController.swift in Sources */,
				17D388051CACC60000CF6144 /* User.swift in Sources */,
				1C045AC71C991518008D6223 /* AppDelegate.swift in Sources */,
				1C3B9C8F1CAA2A4000A91CF3 /* GroupMembersTableViewCell.swift in Sources */,
				17D388021CACC36700CF6144 /* CreateGroupViewController.swift in Sources */,
				1C3B9C8C1CAA1AA600A91CF3 /* LoggedHoursViewController.swift in Sources */,
				17D387FC1CA61B5100CF6144 /* GroupSearchResultsViewController.swift in Sources */,
				1C045B0F1C9B77C3008D6223 /* HourLoggingViewController.swift in Sources */,
				1C529F631CA36D92005A51B8 /* RegisterGroupViewController.swift in Sources */,
			);
			runOnlyForDeploymentPostprocessing = 0;
		};
		1C045AD31C991518008D6223 /* Sources */ = {
			isa = PBXSourcesBuildPhase;
			buildActionMask = 2147483647;
			files = (
				1C045ADC1C991518008D6223 /* StudyTableTests.swift in Sources */,
			);
			runOnlyForDeploymentPostprocessing = 0;
		};
		1C045ADE1C991518008D6223 /* Sources */ = {
			isa = PBXSourcesBuildPhase;
			buildActionMask = 2147483647;
			files = (
				1C045AE71C991518008D6223 /* StudyTableUITests.swift in Sources */,
			);
			runOnlyForDeploymentPostprocessing = 0;
		};
/* End PBXSourcesBuildPhase section */

/* Begin PBXTargetDependency section */
		1C045AD91C991518008D6223 /* PBXTargetDependency */ = {
			isa = PBXTargetDependency;
			target = 1C045AC21C991518008D6223 /* StudyTable */;
			targetProxy = 1C045AD81C991518008D6223 /* PBXContainerItemProxy */;
		};
		1C045AE41C991518008D6223 /* PBXTargetDependency */ = {
			isa = PBXTargetDependency;
			target = 1C045AC21C991518008D6223 /* StudyTable */;
			targetProxy = 1C045AE31C991518008D6223 /* PBXContainerItemProxy */;
		};
/* End PBXTargetDependency section */

/* Begin PBXVariantGroup section */
		1C045ACA1C991518008D6223 /* Main.storyboard */ = {
			isa = PBXVariantGroup;
			children = (
				1C045ACB1C991518008D6223 /* Base */,
			);
			name = Main.storyboard;
			sourceTree = "<group>";
		};
/* End PBXVariantGroup section */

/* Begin XCBuildConfiguration section */
		1C045AE91C991518008D6223 /* Debug */ = {
			isa = XCBuildConfiguration;
			buildSettings = {
				ALWAYS_SEARCH_USER_PATHS = NO;
				CLANG_CXX_LANGUAGE_STANDARD = "gnu++0x";
				CLANG_CXX_LIBRARY = "libc++";
				CLANG_ENABLE_MODULES = YES;
				CLANG_ENABLE_OBJC_ARC = YES;
				CLANG_WARN_BOOL_CONVERSION = YES;
				CLANG_WARN_CONSTANT_CONVERSION = YES;
				CLANG_WARN_DIRECT_OBJC_ISA_USAGE = YES_ERROR;
				CLANG_WARN_EMPTY_BODY = YES;
				CLANG_WARN_ENUM_CONVERSION = YES;
				CLANG_WARN_INT_CONVERSION = YES;
				CLANG_WARN_OBJC_ROOT_CLASS = YES_ERROR;
				CLANG_WARN_UNREACHABLE_CODE = YES;
				CLANG_WARN__DUPLICATE_METHOD_MATCH = YES;
				"CODE_SIGN_IDENTITY[sdk=iphoneos*]" = "iPhone Developer";
				COPY_PHASE_STRIP = NO;
				DEBUG_INFORMATION_FORMAT = dwarf;
				ENABLE_STRICT_OBJC_MSGSEND = YES;
				ENABLE_TESTABILITY = YES;
				GCC_C_LANGUAGE_STANDARD = gnu99;
				GCC_DYNAMIC_NO_PIC = NO;
				GCC_NO_COMMON_BLOCKS = YES;
				GCC_OPTIMIZATION_LEVEL = 0;
				GCC_PREPROCESSOR_DEFINITIONS = (
					"DEBUG=1",
					"$(inherited)",
				);
				GCC_WARN_64_TO_32_BIT_CONVERSION = YES;
				GCC_WARN_ABOUT_RETURN_TYPE = YES_ERROR;
				GCC_WARN_UNDECLARED_SELECTOR = YES;
				GCC_WARN_UNINITIALIZED_AUTOS = YES_AGGRESSIVE;
				GCC_WARN_UNUSED_FUNCTION = YES;
				GCC_WARN_UNUSED_VARIABLE = YES;
				IPHONEOS_DEPLOYMENT_TARGET = 9.2;
				MTL_ENABLE_DEBUG_INFO = YES;
				ONLY_ACTIVE_ARCH = YES;
				SDKROOT = iphoneos;
				SWIFT_OPTIMIZATION_LEVEL = "-Onone";
				TARGETED_DEVICE_FAMILY = "1,2";
			};
			name = Debug;
		};
		1C045AEA1C991518008D6223 /* Release */ = {
			isa = XCBuildConfiguration;
			buildSettings = {
				ALWAYS_SEARCH_USER_PATHS = NO;
				CLANG_CXX_LANGUAGE_STANDARD = "gnu++0x";
				CLANG_CXX_LIBRARY = "libc++";
				CLANG_ENABLE_MODULES = YES;
				CLANG_ENABLE_OBJC_ARC = YES;
				CLANG_WARN_BOOL_CONVERSION = YES;
				CLANG_WARN_CONSTANT_CONVERSION = YES;
				CLANG_WARN_DIRECT_OBJC_ISA_USAGE = YES_ERROR;
				CLANG_WARN_EMPTY_BODY = YES;
				CLANG_WARN_ENUM_CONVERSION = YES;
				CLANG_WARN_INT_CONVERSION = YES;
				CLANG_WARN_OBJC_ROOT_CLASS = YES_ERROR;
				CLANG_WARN_UNREACHABLE_CODE = YES;
				CLANG_WARN__DUPLICATE_METHOD_MATCH = YES;
				"CODE_SIGN_IDENTITY[sdk=iphoneos*]" = "iPhone Developer";
				COPY_PHASE_STRIP = NO;
				DEBUG_INFORMATION_FORMAT = "dwarf-with-dsym";
				ENABLE_NS_ASSERTIONS = NO;
				ENABLE_STRICT_OBJC_MSGSEND = YES;
				GCC_C_LANGUAGE_STANDARD = gnu99;
				GCC_NO_COMMON_BLOCKS = YES;
				GCC_WARN_64_TO_32_BIT_CONVERSION = YES;
				GCC_WARN_ABOUT_RETURN_TYPE = YES_ERROR;
				GCC_WARN_UNDECLARED_SELECTOR = YES;
				GCC_WARN_UNINITIALIZED_AUTOS = YES_AGGRESSIVE;
				GCC_WARN_UNUSED_FUNCTION = YES;
				GCC_WARN_UNUSED_VARIABLE = YES;
				IPHONEOS_DEPLOYMENT_TARGET = 9.2;
				MTL_ENABLE_DEBUG_INFO = NO;
				SDKROOT = iphoneos;
				TARGETED_DEVICE_FAMILY = "1,2";
				VALIDATE_PRODUCT = YES;
			};
			name = Release;
		};
		1C045AEC1C991518008D6223 /* Debug */ = {
			isa = XCBuildConfiguration;
			buildSettings = {
				ASSETCATALOG_COMPILER_APPICON_NAME = AppIcon;
				CLANG_ALLOW_NON_MODULAR_INCLUDES_IN_FRAMEWORK_MODULES = NO;
				FRAMEWORK_SEARCH_PATHS = (
					"$(PROJECT_DIR)",
					"$(PROJECT_DIR)/FacebookSDKs-iOS-20160316",
				);
				INFOPLIST_FILE = StudyTable/Info.plist;
				LD_RUNPATH_SEARCH_PATHS = "$(inherited) @executable_path/Frameworks";
				PRODUCT_BUNDLE_IDENTIFIER = com.leep.StudyTable;
				PRODUCT_NAME = "$(TARGET_NAME)";
			};
			name = Debug;
		};
		1C045AED1C991518008D6223 /* Release */ = {
			isa = XCBuildConfiguration;
			buildSettings = {
				ASSETCATALOG_COMPILER_APPICON_NAME = AppIcon;
				CLANG_ALLOW_NON_MODULAR_INCLUDES_IN_FRAMEWORK_MODULES = NO;
				FRAMEWORK_SEARCH_PATHS = (
					"$(PROJECT_DIR)",
					"$(PROJECT_DIR)/FacebookSDKs-iOS-20160316",
				);
				INFOPLIST_FILE = StudyTable/Info.plist;
				LD_RUNPATH_SEARCH_PATHS = "$(inherited) @executable_path/Frameworks";
				PRODUCT_BUNDLE_IDENTIFIER = com.leep.StudyTable;
				PRODUCT_NAME = "$(TARGET_NAME)";
			};
			name = Release;
		};
		1C045AEF1C991518008D6223 /* Debug */ = {
			isa = XCBuildConfiguration;
			buildSettings = {
				BUNDLE_LOADER = "$(TEST_HOST)";
				INFOPLIST_FILE = StudyTableTests/Info.plist;
				LD_RUNPATH_SEARCH_PATHS = "$(inherited) @executable_path/Frameworks @loader_path/Frameworks";
				PRODUCT_BUNDLE_IDENTIFIER = com.leep.StudyTableTests;
				PRODUCT_NAME = "$(TARGET_NAME)";
				TEST_HOST = "$(BUILT_PRODUCTS_DIR)/StudyTable.app/StudyTable";
			};
			name = Debug;
		};
		1C045AF01C991518008D6223 /* Release */ = {
			isa = XCBuildConfiguration;
			buildSettings = {
				BUNDLE_LOADER = "$(TEST_HOST)";
				INFOPLIST_FILE = StudyTableTests/Info.plist;
				LD_RUNPATH_SEARCH_PATHS = "$(inherited) @executable_path/Frameworks @loader_path/Frameworks";
				PRODUCT_BUNDLE_IDENTIFIER = com.leep.StudyTableTests;
				PRODUCT_NAME = "$(TARGET_NAME)";
				TEST_HOST = "$(BUILT_PRODUCTS_DIR)/StudyTable.app/StudyTable";
			};
			name = Release;
		};
		1C045AF21C991518008D6223 /* Debug */ = {
			isa = XCBuildConfiguration;
			buildSettings = {
				INFOPLIST_FILE = StudyTableUITests/Info.plist;
				LD_RUNPATH_SEARCH_PATHS = "$(inherited) @executable_path/Frameworks @loader_path/Frameworks";
				PRODUCT_BUNDLE_IDENTIFIER = com.leep.StudyTableUITests;
				PRODUCT_NAME = "$(TARGET_NAME)";
				TEST_TARGET_NAME = StudyTable;
				USES_XCTRUNNER = YES;
			};
			name = Debug;
		};
		1C045AF31C991518008D6223 /* Release */ = {
			isa = XCBuildConfiguration;
			buildSettings = {
				INFOPLIST_FILE = StudyTableUITests/Info.plist;
				LD_RUNPATH_SEARCH_PATHS = "$(inherited) @executable_path/Frameworks @loader_path/Frameworks";
				PRODUCT_BUNDLE_IDENTIFIER = com.leep.StudyTableUITests;
				PRODUCT_NAME = "$(TARGET_NAME)";
				TEST_TARGET_NAME = StudyTable;
				USES_XCTRUNNER = YES;
			};
			name = Release;
		};
/* End XCBuildConfiguration section */

/* Begin XCConfigurationList section */
		1C045ABE1C991518008D6223 /* Build configuration list for PBXProject "StudyTable" */ = {
			isa = XCConfigurationList;
			buildConfigurations = (
				1C045AE91C991518008D6223 /* Debug */,
				1C045AEA1C991518008D6223 /* Release */,
			);
			defaultConfigurationIsVisible = 0;
			defaultConfigurationName = Release;
		};
		1C045AEB1C991518008D6223 /* Build configuration list for PBXNativeTarget "StudyTable" */ = {
			isa = XCConfigurationList;
			buildConfigurations = (
				1C045AEC1C991518008D6223 /* Debug */,
				1C045AED1C991518008D6223 /* Release */,
			);
			defaultConfigurationIsVisible = 0;
			defaultConfigurationName = Release;
		};
		1C045AEE1C991518008D6223 /* Build configuration list for PBXNativeTarget "StudyTableTests" */ = {
			isa = XCConfigurationList;
			buildConfigurations = (
				1C045AEF1C991518008D6223 /* Debug */,
				1C045AF01C991518008D6223 /* Release */,
			);
			defaultConfigurationIsVisible = 0;
			defaultConfigurationName = Release;
		};
		1C045AF11C991518008D6223 /* Build configuration list for PBXNativeTarget "StudyTableUITests" */ = {
			isa = XCConfigurationList;
			buildConfigurations = (
				1C045AF21C991518008D6223 /* Debug */,
				1C045AF31C991518008D6223 /* Release */,
			);
			defaultConfigurationIsVisible = 0;
			defaultConfigurationName = Release;
		};
/* End XCConfigurationList section */
	};
	rootObject = 1C045ABB1C991518008D6223 /* Project object */;
}
